// !$*UTF8*$!
{
	archiveVersion = 1;
	classes = {
	};
	objectVersion = 56;
	objects = {

/* Begin PBXBuildFile section */
		0C4F10432C3B307A00516EF3 /* PicGalleryApp.swift in Sources */ = {isa = PBXBuildFile; fileRef = 0C4F10422C3B307A00516EF3 /* PicGalleryApp.swift */; };
		0C4F10452C3B307A00516EF3 /* ContentView.swift in Sources */ = {isa = PBXBuildFile; fileRef = 0C4F10442C3B307A00516EF3 /* ContentView.swift */; };
		0C4F10472C3B307C00516EF3 /* Assets.xcassets in Resources */ = {isa = PBXBuildFile; fileRef = 0C4F10462C3B307C00516EF3 /* Assets.xcassets */; };
		0C4F104A2C3B307C00516EF3 /* Preview Assets.xcassets in Resources */ = {isa = PBXBuildFile; fileRef = 0C4F10492C3B307C00516EF3 /* Preview Assets.xcassets */; };
		0C4F10542C3B307C00516EF3 /* PicGalleryTests.swift in Sources */ = {isa = PBXBuildFile; fileRef = 0C4F10532C3B307C00516EF3 /* PicGalleryTests.swift */; };
		0C4F105E2C3B307C00516EF3 /* PicGalleryUITests.swift in Sources */ = {isa = PBXBuildFile; fileRef = 0C4F105D2C3B307C00516EF3 /* PicGalleryUITests.swift */; };
		0C4F10602C3B307C00516EF3 /* PicGalleryUITestsLaunchTests.swift in Sources */ = {isa = PBXBuildFile; fileRef = 0C4F105F2C3B307C00516EF3 /* PicGalleryUITestsLaunchTests.swift */; };
		0C4F106E2C3D97BA00516EF3 /* NetworkError.swift in Sources */ = {isa = PBXBuildFile; fileRef = 0C4F106D2C3D97BA00516EF3 /* NetworkError.swift */; };
		0C4F10702C3D983F00516EF3 /* URLSessionNetworkClient.swift in Sources */ = {isa = PBXBuildFile; fileRef = 0C4F106F2C3D983F00516EF3 /* URLSessionNetworkClient.swift */; };
		0C4F10722C3D98B000516EF3 /* NetworkClient.swift in Sources */ = {isa = PBXBuildFile; fileRef = 0C4F10712C3D98B000516EF3 /* NetworkClient.swift */; };
		0C4F10752C3D9DA100516EF3 /* TokenResponse.swift in Sources */ = {isa = PBXBuildFile; fileRef = 0C4F10742C3D9DA100516EF3 /* TokenResponse.swift */; };
		0C4F10792C3D9FFE00516EF3 /* NetworkConstants.swift in Sources */ = {isa = PBXBuildFile; fileRef = 0C4F10782C3D9FFE00516EF3 /* NetworkConstants.swift */; };
/* End PBXBuildFile section */

/* Begin PBXContainerItemProxy section */
		0C4F10502C3B307C00516EF3 /* PBXContainerItemProxy */ = {
			isa = PBXContainerItemProxy;
			containerPortal = 0C4F10372C3B307A00516EF3 /* Project object */;
			proxyType = 1;
			remoteGlobalIDString = 0C4F103E2C3B307A00516EF3;
			remoteInfo = PicGallery;
		};
		0C4F105A2C3B307C00516EF3 /* PBXContainerItemProxy */ = {
			isa = PBXContainerItemProxy;
			containerPortal = 0C4F10372C3B307A00516EF3 /* Project object */;
			proxyType = 1;
			remoteGlobalIDString = 0C4F103E2C3B307A00516EF3;
			remoteInfo = PicGallery;
		};
/* End PBXContainerItemProxy section */

/* Begin PBXFileReference section */
		0C4F103F2C3B307A00516EF3 /* PicGallery.app */ = {isa = PBXFileReference; explicitFileType = wrapper.application; includeInIndex = 0; path = PicGallery.app; sourceTree = BUILT_PRODUCTS_DIR; };
		0C4F10422C3B307A00516EF3 /* PicGalleryApp.swift */ = {isa = PBXFileReference; lastKnownFileType = sourcecode.swift; path = PicGalleryApp.swift; sourceTree = "<group>"; };
		0C4F10442C3B307A00516EF3 /* ContentView.swift */ = {isa = PBXFileReference; lastKnownFileType = sourcecode.swift; path = ContentView.swift; sourceTree = "<group>"; };
		0C4F10462C3B307C00516EF3 /* Assets.xcassets */ = {isa = PBXFileReference; lastKnownFileType = folder.assetcatalog; path = Assets.xcassets; sourceTree = "<group>"; };
		0C4F10492C3B307C00516EF3 /* Preview Assets.xcassets */ = {isa = PBXFileReference; lastKnownFileType = folder.assetcatalog; path = "Preview Assets.xcassets"; sourceTree = "<group>"; };
		0C4F104F2C3B307C00516EF3 /* PicGalleryTests.xctest */ = {isa = PBXFileReference; explicitFileType = wrapper.cfbundle; includeInIndex = 0; path = PicGalleryTests.xctest; sourceTree = BUILT_PRODUCTS_DIR; };
		0C4F10532C3B307C00516EF3 /* PicGalleryTests.swift */ = {isa = PBXFileReference; lastKnownFileType = sourcecode.swift; path = PicGalleryTests.swift; sourceTree = "<group>"; };
		0C4F10592C3B307C00516EF3 /* PicGalleryUITests.xctest */ = {isa = PBXFileReference; explicitFileType = wrapper.cfbundle; includeInIndex = 0; path = PicGalleryUITests.xctest; sourceTree = BUILT_PRODUCTS_DIR; };
		0C4F105D2C3B307C00516EF3 /* PicGalleryUITests.swift */ = {isa = PBXFileReference; lastKnownFileType = sourcecode.swift; path = PicGalleryUITests.swift; sourceTree = "<group>"; };
		0C4F105F2C3B307C00516EF3 /* PicGalleryUITestsLaunchTests.swift */ = {isa = PBXFileReference; lastKnownFileType = sourcecode.swift; path = PicGalleryUITestsLaunchTests.swift; sourceTree = "<group>"; };
		0C4F106D2C3D97BA00516EF3 /* NetworkError.swift */ = {isa = PBXFileReference; lastKnownFileType = sourcecode.swift; path = NetworkError.swift; sourceTree = "<group>"; };
		0C4F106F2C3D983F00516EF3 /* URLSessionNetworkClient.swift */ = {isa = PBXFileReference; lastKnownFileType = sourcecode.swift; path = URLSessionNetworkClient.swift; sourceTree = "<group>"; };
		0C4F10712C3D98B000516EF3 /* NetworkClient.swift */ = {isa = PBXFileReference; lastKnownFileType = sourcecode.swift; path = NetworkClient.swift; sourceTree = "<group>"; };
		0C4F10742C3D9DA100516EF3 /* TokenResponse.swift */ = {isa = PBXFileReference; lastKnownFileType = sourcecode.swift; path = TokenResponse.swift; sourceTree = "<group>"; };
		0C4F10782C3D9FFE00516EF3 /* NetworkConstants.swift */ = {isa = PBXFileReference; lastKnownFileType = sourcecode.swift; path = NetworkConstants.swift; sourceTree = "<group>"; };
/* End PBXFileReference section */

/* Begin PBXFrameworksBuildPhase section */
		0C4F103C2C3B307A00516EF3 /* Frameworks */ = {
			isa = PBXFrameworksBuildPhase;
			buildActionMask = 2147483647;
			files = (
			);
			runOnlyForDeploymentPostprocessing = 0;
		};
		0C4F104C2C3B307C00516EF3 /* Frameworks */ = {
			isa = PBXFrameworksBuildPhase;
			buildActionMask = 2147483647;
			files = (
			);
			runOnlyForDeploymentPostprocessing = 0;
		};
		0C4F10562C3B307C00516EF3 /* Frameworks */ = {
			isa = PBXFrameworksBuildPhase;
			buildActionMask = 2147483647;
			files = (
			);
			runOnlyForDeploymentPostprocessing = 0;
		};
/* End PBXFrameworksBuildPhase section */

/* Begin PBXGroup section */
		0C4F10362C3B307A00516EF3 = {
			isa = PBXGroup;
			children = (
				0C4F10412C3B307A00516EF3 /* PicGallery */,
				0C4F10522C3B307C00516EF3 /* PicGalleryTests */,
				0C4F105C2C3B307C00516EF3 /* PicGalleryUITests */,
				0C4F10402C3B307A00516EF3 /* Products */,
			);
			sourceTree = "<group>";
		};
		0C4F10402C3B307A00516EF3 /* Products */ = {
			isa = PBXGroup;
			children = (
				0C4F103F2C3B307A00516EF3 /* PicGallery.app */,
				0C4F104F2C3B307C00516EF3 /* PicGalleryTests.xctest */,
				0C4F10592C3B307C00516EF3 /* PicGalleryUITests.xctest */,
			);
			name = Products;
			sourceTree = "<group>";
		};
		0C4F10412C3B307A00516EF3 /* PicGallery */ = {
			isa = PBXGroup;
			children = (
				0C4F10762C3D9F5700516EF3 /* Data */,
				0C4F10732C3D9A3400516EF3 /* Entities */,
				0C4F106C2C3D973900516EF3 /* NetworkClient */,
				0C4F10422C3B307A00516EF3 /* PicGalleryApp.swift */,
				0C4F10442C3B307A00516EF3 /* ContentView.swift */,
				0C4F10462C3B307C00516EF3 /* Assets.xcassets */,
				0C4F10482C3B307C00516EF3 /* Preview Content */,
			);
			path = PicGallery;
			sourceTree = "<group>";
		};
		0C4F10482C3B307C00516EF3 /* Preview Content */ = {
			isa = PBXGroup;
			children = (
				0C4F10492C3B307C00516EF3 /* Preview Assets.xcassets */,
			);
			path = "Preview Content";
			sourceTree = "<group>";
		};
		0C4F10522C3B307C00516EF3 /* PicGalleryTests */ = {
			isa = PBXGroup;
			children = (
				0C4F10532C3B307C00516EF3 /* PicGalleryTests.swift */,
			);
			path = PicGalleryTests;
			sourceTree = "<group>";
		};
		0C4F105C2C3B307C00516EF3 /* PicGalleryUITests */ = {
			isa = PBXGroup;
			children = (
				0C4F105D2C3B307C00516EF3 /* PicGalleryUITests.swift */,
				0C4F105F2C3B307C00516EF3 /* PicGalleryUITestsLaunchTests.swift */,
			);
			path = PicGalleryUITests;
			sourceTree = "<group>";
		};
		0C4F106C2C3D973900516EF3 /* NetworkClient */ = {
			isa = PBXGroup;
			children = (
				0C4F106D2C3D97BA00516EF3 /* NetworkError.swift */,
				0C4F106F2C3D983F00516EF3 /* URLSessionNetworkClient.swift */,
				0C4F10712C3D98B000516EF3 /* NetworkClient.swift */,
			);
			path = NetworkClient;
			sourceTree = "<group>";
		};
		0C4F10732C3D9A3400516EF3 /* Entities */ = {
			isa = PBXGroup;
			children = (
				0C4F10742C3D9DA100516EF3 /* TokenResponse.swift */,
			);
			path = Entities;
			sourceTree = "<group>";
		};
		0C4F10762C3D9F5700516EF3 /* Data */ = {
			isa = PBXGroup;
			children = (
				0C4F10772C3D9F6500516EF3 /* Constants */,
			);
			path = Data;
			sourceTree = "<group>";
		};
		0C4F10772C3D9F6500516EF3 /* Constants */ = {
			isa = PBXGroup;
			children = (
				0C4F10782C3D9FFE00516EF3 /* NetworkConstants.swift */,
			);
			path = Constants;
			sourceTree = "<group>";
		};
/* End PBXGroup section */

/* Begin PBXNativeTarget section */
		0C4F103E2C3B307A00516EF3 /* PicGallery */ = {
			isa = PBXNativeTarget;
			buildConfigurationList = 0C4F10632C3B307C00516EF3 /* Build configuration list for PBXNativeTarget "PicGallery" */;
			buildPhases = (
				0C4F103B2C3B307A00516EF3 /* Sources */,
				0C4F103C2C3B307A00516EF3 /* Frameworks */,
				0C4F103D2C3B307A00516EF3 /* Resources */,
			);
			buildRules = (
			);
			dependencies = (
			);
			name = PicGallery;
			productName = PicGallery;
			productReference = 0C4F103F2C3B307A00516EF3 /* PicGallery.app */;
			productType = "com.apple.product-type.application";
		};
		0C4F104E2C3B307C00516EF3 /* PicGalleryTests */ = {
			isa = PBXNativeTarget;
			buildConfigurationList = 0C4F10662C3B307C00516EF3 /* Build configuration list for PBXNativeTarget "PicGalleryTests" */;
			buildPhases = (
				0C4F104B2C3B307C00516EF3 /* Sources */,
				0C4F104C2C3B307C00516EF3 /* Frameworks */,
				0C4F104D2C3B307C00516EF3 /* Resources */,
			);
			buildRules = (
			);
			dependencies = (
				0C4F10512C3B307C00516EF3 /* PBXTargetDependency */,
			);
			name = PicGalleryTests;
			productName = PicGalleryTests;
			productReference = 0C4F104F2C3B307C00516EF3 /* PicGalleryTests.xctest */;
			productType = "com.apple.product-type.bundle.unit-test";
		};
		0C4F10582C3B307C00516EF3 /* PicGalleryUITests */ = {
			isa = PBXNativeTarget;
			buildConfigurationList = 0C4F10692C3B307C00516EF3 /* Build configuration list for PBXNativeTarget "PicGalleryUITests" */;
			buildPhases = (
				0C4F10552C3B307C00516EF3 /* Sources */,
				0C4F10562C3B307C00516EF3 /* Frameworks */,
				0C4F10572C3B307C00516EF3 /* Resources */,
			);
			buildRules = (
			);
			dependencies = (
				0C4F105B2C3B307C00516EF3 /* PBXTargetDependency */,
			);
			name = PicGalleryUITests;
			productName = PicGalleryUITests;
			productReference = 0C4F10592C3B307C00516EF3 /* PicGalleryUITests.xctest */;
			productType = "com.apple.product-type.bundle.ui-testing";
		};
/* End PBXNativeTarget section */

/* Begin PBXProject section */
		0C4F10372C3B307A00516EF3 /* Project object */ = {
			isa = PBXProject;
			attributes = {
				BuildIndependentTargetsInParallel = 1;
				LastSwiftUpdateCheck = 1540;
				LastUpgradeCheck = 1540;
				TargetAttributes = {
					0C4F103E2C3B307A00516EF3 = {
						CreatedOnToolsVersion = 15.4;
					};
					0C4F104E2C3B307C00516EF3 = {
						CreatedOnToolsVersion = 15.4;
						TestTargetID = 0C4F103E2C3B307A00516EF3;
					};
					0C4F10582C3B307C00516EF3 = {
						CreatedOnToolsVersion = 15.4;
						TestTargetID = 0C4F103E2C3B307A00516EF3;
					};
				};
			};
			buildConfigurationList = 0C4F103A2C3B307A00516EF3 /* Build configuration list for PBXProject "PicGallery" */;
			compatibilityVersion = "Xcode 14.0";
			developmentRegion = en;
			hasScannedForEncodings = 0;
			knownRegions = (
				en,
				Base,
			);
			mainGroup = 0C4F10362C3B307A00516EF3;
			productRefGroup = 0C4F10402C3B307A00516EF3 /* Products */;
			projectDirPath = "";
			projectRoot = "";
			targets = (
				0C4F103E2C3B307A00516EF3 /* PicGallery */,
				0C4F104E2C3B307C00516EF3 /* PicGalleryTests */,
				0C4F10582C3B307C00516EF3 /* PicGalleryUITests */,
			);
		};
/* End PBXProject section */

/* Begin PBXResourcesBuildPhase section */
		0C4F103D2C3B307A00516EF3 /* Resources */ = {
			isa = PBXResourcesBuildPhase;
			buildActionMask = 2147483647;
			files = (
				0C4F104A2C3B307C00516EF3 /* Preview Assets.xcassets in Resources */,
				0C4F10472C3B307C00516EF3 /* Assets.xcassets in Resources */,
			);
			runOnlyForDeploymentPostprocessing = 0;
		};
		0C4F104D2C3B307C00516EF3 /* Resources */ = {
			isa = PBXResourcesBuildPhase;
			buildActionMask = 2147483647;
			files = (
			);
			runOnlyForDeploymentPostprocessing = 0;
		};
		0C4F10572C3B307C00516EF3 /* Resources */ = {
			isa = PBXResourcesBuildPhase;
			buildActionMask = 2147483647;
			files = (
			);
			runOnlyForDeploymentPostprocessing = 0;
		};
/* End PBXResourcesBuildPhase section */

/* Begin PBXSourcesBuildPhase section */
		0C4F103B2C3B307A00516EF3 /* Sources */ = {
			isa = PBXSourcesBuildPhase;
			buildActionMask = 2147483647;
			files = (
				0C4F10792C3D9FFE00516EF3 /* NetworkConstants.swift in Sources */,
				0C4F10702C3D983F00516EF3 /* URLSessionNetworkClient.swift in Sources */,
				0C4F10722C3D98B000516EF3 /* NetworkClient.swift in Sources */,
				0C4F106E2C3D97BA00516EF3 /* NetworkError.swift in Sources */,
				0C4F10452C3B307A00516EF3 /* ContentView.swift in Sources */,
				0C4F10752C3D9DA100516EF3 /* TokenResponse.swift in Sources */,
				0C4F10432C3B307A00516EF3 /* PicGalleryApp.swift in Sources */,
			);
			runOnlyForDeploymentPostprocessing = 0;
		};
		0C4F104B2C3B307C00516EF3 /* Sources */ = {
			isa = PBXSourcesBuildPhase;
			buildActionMask = 2147483647;
			files = (
				0C4F10542C3B307C00516EF3 /* PicGalleryTests.swift in Sources */,
			);
			runOnlyForDeploymentPostprocessing = 0;
		};
		0C4F10552C3B307C00516EF3 /* Sources */ = {
			isa = PBXSourcesBuildPhase;
			buildActionMask = 2147483647;
			files = (
				0C4F10602C3B307C00516EF3 /* PicGalleryUITestsLaunchTests.swift in Sources */,
				0C4F105E2C3B307C00516EF3 /* PicGalleryUITests.swift in Sources */,
			);
			runOnlyForDeploymentPostprocessing = 0;
		};
/* End PBXSourcesBuildPhase section */

/* Begin PBXTargetDependency section */
		0C4F10512C3B307C00516EF3 /* PBXTargetDependency */ = {
			isa = PBXTargetDependency;
			target = 0C4F103E2C3B307A00516EF3 /* PicGallery */;
			targetProxy = 0C4F10502C3B307C00516EF3 /* PBXContainerItemProxy */;
		};
		0C4F105B2C3B307C00516EF3 /* PBXTargetDependency */ = {
			isa = PBXTargetDependency;
			target = 0C4F103E2C3B307A00516EF3 /* PicGallery */;
			targetProxy = 0C4F105A2C3B307C00516EF3 /* PBXContainerItemProxy */;
		};
/* End PBXTargetDependency section */

/* Begin XCBuildConfiguration section */
		0C4F10612C3B307C00516EF3 /* Debug */ = {
			isa = XCBuildConfiguration;
			buildSettings = {
				ALWAYS_SEARCH_USER_PATHS = NO;
				ASSETCATALOG_COMPILER_GENERATE_SWIFT_ASSET_SYMBOL_EXTENSIONS = YES;
				CLANG_ANALYZER_NONNULL = YES;
				CLANG_ANALYZER_NUMBER_OBJECT_CONVERSION = YES_AGGRESSIVE;
				CLANG_CXX_LANGUAGE_STANDARD = "gnu++20";
				CLANG_ENABLE_MODULES = YES;
				CLANG_ENABLE_OBJC_ARC = YES;
				CLANG_ENABLE_OBJC_WEAK = YES;
				CLANG_WARN_BLOCK_CAPTURE_AUTORELEASING = YES;
				CLANG_WARN_BOOL_CONVERSION = YES;
				CLANG_WARN_COMMA = YES;
				CLANG_WARN_CONSTANT_CONVERSION = YES;
				CLANG_WARN_DEPRECATED_OBJC_IMPLEMENTATIONS = YES;
				CLANG_WARN_DIRECT_OBJC_ISA_USAGE = YES_ERROR;
				CLANG_WARN_DOCUMENTATION_COMMENTS = YES;
				CLANG_WARN_EMPTY_BODY = YES;
				CLANG_WARN_ENUM_CONVERSION = YES;
				CLANG_WARN_INFINITE_RECURSION = YES;
				CLANG_WARN_INT_CONVERSION = YES;
				CLANG_WARN_NON_LITERAL_NULL_CONVERSION = YES;
				CLANG_WARN_OBJC_IMPLICIT_RETAIN_SELF = YES;
				CLANG_WARN_OBJC_LITERAL_CONVERSION = YES;
				CLANG_WARN_OBJC_ROOT_CLASS = YES_ERROR;
				CLANG_WARN_QUOTED_INCLUDE_IN_FRAMEWORK_HEADER = YES;
				CLANG_WARN_RANGE_LOOP_ANALYSIS = YES;
				CLANG_WARN_STRICT_PROTOTYPES = YES;
				CLANG_WARN_SUSPICIOUS_MOVE = YES;
				CLANG_WARN_UNGUARDED_AVAILABILITY = YES_AGGRESSIVE;
				CLANG_WARN_UNREACHABLE_CODE = YES;
				CLANG_WARN__DUPLICATE_METHOD_MATCH = YES;
				COPY_PHASE_STRIP = NO;
				DEBUG_INFORMATION_FORMAT = dwarf;
				ENABLE_STRICT_OBJC_MSGSEND = YES;
				ENABLE_TESTABILITY = YES;
				ENABLE_USER_SCRIPT_SANDBOXING = YES;
				GCC_C_LANGUAGE_STANDARD = gnu17;
				GCC_DYNAMIC_NO_PIC = NO;
				GCC_NO_COMMON_BLOCKS = YES;
				GCC_OPTIMIZATION_LEVEL = 0;
				GCC_PREPROCESSOR_DEFINITIONS = (
					"DEBUG=1",
					"$(inherited)",
				);
				GCC_WARN_64_TO_32_BIT_CONVERSION = YES;
				GCC_WARN_ABOUT_RETURN_TYPE = YES_ERROR;
				GCC_WARN_UNDECLARED_SELECTOR = YES;
				GCC_WARN_UNINITIALIZED_AUTOS = YES_AGGRESSIVE;
				GCC_WARN_UNUSED_FUNCTION = YES;
				GCC_WARN_UNUSED_VARIABLE = YES;
				IPHONEOS_DEPLOYMENT_TARGET = 17.5;
				LOCALIZATION_PREFERS_STRING_CATALOGS = YES;
				MTL_ENABLE_DEBUG_INFO = INCLUDE_SOURCE;
				MTL_FAST_MATH = YES;
				ONLY_ACTIVE_ARCH = YES;
				SDKROOT = iphoneos;
				SWIFT_ACTIVE_COMPILATION_CONDITIONS = "DEBUG $(inherited)";
				SWIFT_OPTIMIZATION_LEVEL = "-Onone";
			};
			name = Debug;
		};
		0C4F10622C3B307C00516EF3 /* Release */ = {
			isa = XCBuildConfiguration;
			buildSettings = {
				ALWAYS_SEARCH_USER_PATHS = NO;
				ASSETCATALOG_COMPILER_GENERATE_SWIFT_ASSET_SYMBOL_EXTENSIONS = YES;
				CLANG_ANALYZER_NONNULL = YES;
				CLANG_ANALYZER_NUMBER_OBJECT_CONVERSION = YES_AGGRESSIVE;
				CLANG_CXX_LANGUAGE_STANDARD = "gnu++20";
				CLANG_ENABLE_MODULES = YES;
				CLANG_ENABLE_OBJC_ARC = YES;
				CLANG_ENABLE_OBJC_WEAK = YES;
				CLANG_WARN_BLOCK_CAPTURE_AUTORELEASING = YES;
				CLANG_WARN_BOOL_CONVERSION = YES;
				CLANG_WARN_COMMA = YES;
				CLANG_WARN_CONSTANT_CONVERSION = YES;
				CLANG_WARN_DEPRECATED_OBJC_IMPLEMENTATIONS = YES;
				CLANG_WARN_DIRECT_OBJC_ISA_USAGE = YES_ERROR;
				CLANG_WARN_DOCUMENTATION_COMMENTS = YES;
				CLANG_WARN_EMPTY_BODY = YES;
				CLANG_WARN_ENUM_CONVERSION = YES;
				CLANG_WARN_INFINITE_RECURSION = YES;
				CLANG_WARN_INT_CONVERSION = YES;
				CLANG_WARN_NON_LITERAL_NULL_CONVERSION = YES;
				CLANG_WARN_OBJC_IMPLICIT_RETAIN_SELF = YES;
				CLANG_WARN_OBJC_LITERAL_CONVERSION = YES;
				CLANG_WARN_OBJC_ROOT_CLASS = YES_ERROR;
				CLANG_WARN_QUOTED_INCLUDE_IN_FRAMEWORK_HEADER = YES;
				CLANG_WARN_RANGE_LOOP_ANALYSIS = YES;
				CLANG_WARN_STRICT_PROTOTYPES = YES;
				CLANG_WARN_SUSPICIOUS_MOVE = YES;
				CLANG_WARN_UNGUARDED_AVAILABILITY = YES_AGGRESSIVE;
				CLANG_WARN_UNREACHABLE_CODE = YES;
				CLANG_WARN__DUPLICATE_METHOD_MATCH = YES;
				COPY_PHASE_STRIP = NO;
				DEBUG_INFORMATION_FORMAT = "dwarf-with-dsym";
				ENABLE_NS_ASSERTIONS = NO;
				ENABLE_STRICT_OBJC_MSGSEND = YES;
				ENABLE_USER_SCRIPT_SANDBOXING = YES;
				GCC_C_LANGUAGE_STANDARD = gnu17;
				GCC_NO_COMMON_BLOCKS = YES;
				GCC_WARN_64_TO_32_BIT_CONVERSION = YES;
				GCC_WARN_ABOUT_RETURN_TYPE = YES_ERROR;
				GCC_WARN_UNDECLARED_SELECTOR = YES;
				GCC_WARN_UNINITIALIZED_AUTOS = YES_AGGRESSIVE;
				GCC_WARN_UNUSED_FUNCTION = YES;
				GCC_WARN_UNUSED_VARIABLE = YES;
				IPHONEOS_DEPLOYMENT_TARGET = 17.5;
				LOCALIZATION_PREFERS_STRING_CATALOGS = YES;
				MTL_ENABLE_DEBUG_INFO = NO;
				MTL_FAST_MATH = YES;
				SDKROOT = iphoneos;
				SWIFT_COMPILATION_MODE = wholemodule;
				VALIDATE_PRODUCT = YES;
			};
			name = Release;
		};
		0C4F10642C3B307C00516EF3 /* Debug */ = {
			isa = XCBuildConfiguration;
			buildSettings = {
				ASSETCATALOG_COMPILER_APPICON_NAME = AppIcon;
				ASSETCATALOG_COMPILER_GLOBAL_ACCENT_COLOR_NAME = AccentColor;
				CODE_SIGN_STYLE = Automatic;
				CURRENT_PROJECT_VERSION = 1;
				DEVELOPMENT_ASSET_PATHS = "\"PicGallery/Preview Content\"";
				ENABLE_PREVIEWS = YES;
				GENERATE_INFOPLIST_FILE = YES;
				INFOPLIST_KEY_UIApplicationSceneManifest_Generation = YES;
				INFOPLIST_KEY_UIApplicationSupportsIndirectInputEvents = YES;
				INFOPLIST_KEY_UILaunchScreen_Generation = YES;
				INFOPLIST_KEY_UISupportedInterfaceOrientations_iPad = "UIInterfaceOrientationPortrait UIInterfaceOrientationPortraitUpsideDown UIInterfaceOrientationLandscapeLeft UIInterfaceOrientationLandscapeRight";
				INFOPLIST_KEY_UISupportedInterfaceOrientations_iPhone = "UIInterfaceOrientationPortrait UIInterfaceOrientationLandscapeLeft UIInterfaceOrientationLandscapeRight";
				LD_RUNPATH_SEARCH_PATHS = (
					"$(inherited)",
					"@executable_path/Frameworks",
				);
				MARKETING_VERSION = 1.0;
				PRODUCT_BUNDLE_IDENTIFIER = com.proyecto.PicGallery;
				PRODUCT_NAME = "$(TARGET_NAME)";
				SWIFT_EMIT_LOC_STRINGS = YES;
				SWIFT_VERSION = 5.0;
				TARGETED_DEVICE_FAMILY = "1,2";
			};
			name = Debug;
		};
		0C4F10652C3B307C00516EF3 /* Release */ = {
			isa = XCBuildConfiguration;
			buildSettings = {
				ASSETCATALOG_COMPILER_APPICON_NAME = AppIcon;
				ASSETCATALOG_COMPILER_GLOBAL_ACCENT_COLOR_NAME = AccentColor;
				CODE_SIGN_STYLE = Automatic;
				CURRENT_PROJECT_VERSION = 1;
				DEVELOPMENT_ASSET_PATHS = "\"PicGallery/Preview Content\"";
				ENABLE_PREVIEWS = YES;
				GENERATE_INFOPLIST_FILE = YES;
				INFOPLIST_KEY_UIApplicationSceneManifest_Generation = YES;
				INFOPLIST_KEY_UIApplicationSupportsIndirectInputEvents = YES;
				INFOPLIST_KEY_UILaunchScreen_Generation = YES;
				INFOPLIST_KEY_UISupportedInterfaceOrientations_iPad = "UIInterfaceOrientationPortrait UIInterfaceOrientationPortraitUpsideDown UIInterfaceOrientationLandscapeLeft UIInterfaceOrientationLandscapeRight";
				INFOPLIST_KEY_UISupportedInterfaceOrientations_iPhone = "UIInterfaceOrientationPortrait UIInterfaceOrientationLandscapeLeft UIInterfaceOrientationLandscapeRight";
				LD_RUNPATH_SEARCH_PATHS = (
					"$(inherited)",
					"@executable_path/Frameworks",
				);
				MARKETING_VERSION = 1.0;
				PRODUCT_BUNDLE_IDENTIFIER = com.proyecto.PicGallery;
				PRODUCT_NAME = "$(TARGET_NAME)";
				SWIFT_EMIT_LOC_STRINGS = YES;
				SWIFT_VERSION = 5.0;
				TARGETED_DEVICE_FAMILY = "1,2";
			};
			name = Release;
		};
		0C4F10672C3B307C00516EF3 /* Debug */ = {
			isa = XCBuildConfiguration;
			buildSettings = {
				ALWAYS_EMBED_SWIFT_STANDARD_LIBRARIES = YES;
				BUNDLE_LOADER = "$(TEST_HOST)";
				CODE_SIGN_STYLE = Automatic;
				CURRENT_PROJECT_VERSION = 1;
				GENERATE_INFOPLIST_FILE = YES;
				IPHONEOS_DEPLOYMENT_TARGET = 17.5;
				MARKETING_VERSION = 1.0;
				PRODUCT_BUNDLE_IDENTIFIER = com.proyecto.PicGalleryTests;
				PRODUCT_NAME = "$(TARGET_NAME)";
				SWIFT_EMIT_LOC_STRINGS = NO;
				SWIFT_VERSION = 5.0;
				TARGETED_DEVICE_FAMILY = "1,2";
				TEST_HOST = "$(BUILT_PRODUCTS_DIR)/PicGallery.app/$(BUNDLE_EXECUTABLE_FOLDER_PATH)/PicGallery";
			};
			name = Debug;
		};
		0C4F10682C3B307C00516EF3 /* Release */ = {
			isa = XCBuildConfiguration;
			buildSettings = {
				ALWAYS_EMBED_SWIFT_STANDARD_LIBRARIES = YES;
				BUNDLE_LOADER = "$(TEST_HOST)";
				CODE_SIGN_STYLE = Automatic;
				CURRENT_PROJECT_VERSION = 1;
				GENERATE_INFOPLIST_FILE = YES;
				IPHONEOS_DEPLOYMENT_TARGET = 17.5;
				MARKETING_VERSION = 1.0;
				PRODUCT_BUNDLE_IDENTIFIER = com.proyecto.PicGalleryTests;
				PRODUCT_NAME = "$(TARGET_NAME)";
				SWIFT_EMIT_LOC_STRINGS = NO;
				SWIFT_VERSION = 5.0;
				TARGETED_DEVICE_FAMILY = "1,2";
				TEST_HOST = "$(BUILT_PRODUCTS_DIR)/PicGallery.app/$(BUNDLE_EXECUTABLE_FOLDER_PATH)/PicGallery";
			};
			name = Release;
		};
		0C4F106A2C3B307C00516EF3 /* Debug */ = {
			isa = XCBuildConfiguration;
			buildSettings = {
				ALWAYS_EMBED_SWIFT_STANDARD_LIBRARIES = YES;
				CODE_SIGN_STYLE = Automatic;
				CURRENT_PROJECT_VERSION = 1;
				GENERATE_INFOPLIST_FILE = YES;
				MARKETING_VERSION = 1.0;
				PRODUCT_BUNDLE_IDENTIFIER = com.proyecto.PicGalleryUITests;
				PRODUCT_NAME = "$(TARGET_NAME)";
				SWIFT_EMIT_LOC_STRINGS = NO;
				SWIFT_VERSION = 5.0;
				TARGETED_DEVICE_FAMILY = "1,2";
				TEST_TARGET_NAME = PicGallery;
			};
			name = Debug;
		};
		0C4F106B2C3B307C00516EF3 /* Release */ = {
			isa = XCBuildConfiguration;
			buildSettings = {
				ALWAYS_EMBED_SWIFT_STANDARD_LIBRARIES = YES;
				CODE_SIGN_STYLE = Automatic;
				CURRENT_PROJECT_VERSION = 1;
				GENERATE_INFOPLIST_FILE = YES;
				MARKETING_VERSION = 1.0;
				PRODUCT_BUNDLE_IDENTIFIER = com.proyecto.PicGalleryUITests;
				PRODUCT_NAME = "$(TARGET_NAME)";
				SWIFT_EMIT_LOC_STRINGS = NO;
				SWIFT_VERSION = 5.0;
				TARGETED_DEVICE_FAMILY = "1,2";
				TEST_TARGET_NAME = PicGallery;
			};
			name = Release;
		};
/* End XCBuildConfiguration section */

/* Begin XCConfigurationList section */
		0C4F103A2C3B307A00516EF3 /* Build configuration list for PBXProject "PicGallery" */ = {
			isa = XCConfigurationList;
			buildConfigurations = (
				0C4F10612C3B307C00516EF3 /* Debug */,
				0C4F10622C3B307C00516EF3 /* Release */,
			);
			defaultConfigurationIsVisible = 0;
			defaultConfigurationName = Release;
		};
		0C4F10632C3B307C00516EF3 /* Build configuration list for PBXNativeTarget "PicGallery" */ = {
			isa = XCConfigurationList;
			buildConfigurations = (
				0C4F10642C3B307C00516EF3 /* Debug */,
				0C4F10652C3B307C00516EF3 /* Release */,
			);
			defaultConfigurationIsVisible = 0;
			defaultConfigurationName = Release;
		};
		0C4F10662C3B307C00516EF3 /* Build configuration list for PBXNativeTarget "PicGalleryTests" */ = {
			isa = XCConfigurationList;
			buildConfigurations = (
				0C4F10672C3B307C00516EF3 /* Debug */,
				0C4F10682C3B307C00516EF3 /* Release */,
			);
			defaultConfigurationIsVisible = 0;
			defaultConfigurationName = Release;
		};
		0C4F10692C3B307C00516EF3 /* Build configuration list for PBXNativeTarget "PicGalleryUITests" */ = {
			isa = XCConfigurationList;
			buildConfigurations = (
				0C4F106A2C3B307C00516EF3 /* Debug */,
				0C4F106B2C3B307C00516EF3 /* Release */,
			);
			defaultConfigurationIsVisible = 0;
			defaultConfigurationName = Release;
		};
/* End XCConfigurationList section */
	};
	rootObject = 0C4F10372C3B307A00516EF3 /* Project object */;
}
